PODS:
  - MGCollapsingHeader (1.0.4)

DEPENDENCIES:
  - MGCollapsingHeader (from `https://github.com/mattga/MGCollapsingHeader.git`)

EXTERNAL SOURCES:
  MGCollapsingHeader:
    :git: https://github.com/mattga/MGCollapsingHeader.git

CHECKOUT OPTIONS:
  MGCollapsingHeader:
    :commit: b0a06a47555834faad24965d680d194f5141df5d
    :git: https://github.com/mattga/MGCollapsingHeader.git

SPEC CHECKSUMS:
  MGCollapsingHeader: 85206da39e1051c3dd7118f1970ce07ed417865b

COCOAPODS: 0.39.0
